// !$*UTF8*$!
{
	archiveVersion = 1;
	classes = {
	};
	objectVersion = 55;
	objects = {

/* Begin PBXBuildFile section */
		3B85F210299F6F5000408FA8 /* AppDelegate.swift in Sources */ = {isa = PBXBuildFile; fileRef = 3B85F20F299F6F5000408FA8 /* AppDelegate.swift */; };
		3B85F212299F6F5000408FA8 /* SceneDelegate.swift in Sources */ = {isa = PBXBuildFile; fileRef = 3B85F211299F6F5000408FA8 /* SceneDelegate.swift */; };
		3B85F214299F6F5000408FA8 /* ViewController.swift in Sources */ = {isa = PBXBuildFile; fileRef = 3B85F213299F6F5000408FA8 /* ViewController.swift */; };
		3B85F217299F6F5000408FA8 /* Main.storyboard in Resources */ = {isa = PBXBuildFile; fileRef = 3B85F215299F6F5000408FA8 /* Main.storyboard */; };
		3B85F219299F6F5000408FA8 /* Assets.xcassets in Resources */ = {isa = PBXBuildFile; fileRef = 3B85F218299F6F5000408FA8 /* Assets.xcassets */; };
		3B85F21C299F6F5000408FA8 /* LaunchScreen.storyboard in Resources */ = {isa = PBXBuildFile; fileRef = 3B85F21A299F6F5000408FA8 /* LaunchScreen.storyboard */; };
		3B85F229299F76F000408FA8 /* ViewModelType.swift in Sources */ = {isa = PBXBuildFile; fileRef = 3B85F228299F76F000408FA8 /* ViewModelType.swift */; };
		3B85F22B299F773F00408FA8 /* Application.swift in Sources */ = {isa = PBXBuildFile; fileRef = 3B85F22A299F773F00408FA8 /* Application.swift */; };
		8BA6C8671B19C75EE0245453 /* libPods-GitFeed.a in Frameworks */ = {isa = PBXBuildFile; fileRef = E874954F5B93D7E1475C2BF5 /* libPods-GitFeed.a */; };
/* End PBXBuildFile section */

/* Begin PBXFileReference section */
		02BFD175FE5F14F8E9D7AADD /* Pods-GitFeed.debug.xcconfig */ = {isa = PBXFileReference; includeInIndex = 1; lastKnownFileType = text.xcconfig; name = "Pods-GitFeed.debug.xcconfig"; path = "Target Support Files/Pods-GitFeed/Pods-GitFeed.debug.xcconfig"; sourceTree = "<group>"; };
		3B85F20C299F6F5000408FA8 /* GitFeed.app */ = {isa = PBXFileReference; explicitFileType = wrapper.application; includeInIndex = 0; path = GitFeed.app; sourceTree = BUILT_PRODUCTS_DIR; };
		3B85F20F299F6F5000408FA8 /* AppDelegate.swift */ = {isa = PBXFileReference; lastKnownFileType = sourcecode.swift; path = AppDelegate.swift; sourceTree = "<group>"; };
		3B85F211299F6F5000408FA8 /* SceneDelegate.swift */ = {isa = PBXFileReference; lastKnownFileType = sourcecode.swift; path = SceneDelegate.swift; sourceTree = "<group>"; };
		3B85F213299F6F5000408FA8 /* ViewController.swift */ = {isa = PBXFileReference; lastKnownFileType = sourcecode.swift; path = ViewController.swift; sourceTree = "<group>"; };
		3B85F216299F6F5000408FA8 /* Base */ = {isa = PBXFileReference; lastKnownFileType = file.storyboard; name = Base; path = Base.lproj/Main.storyboard; sourceTree = "<group>"; };
		3B85F218299F6F5000408FA8 /* Assets.xcassets */ = {isa = PBXFileReference; lastKnownFileType = folder.assetcatalog; path = Assets.xcassets; sourceTree = "<group>"; };
		3B85F21B299F6F5000408FA8 /* Base */ = {isa = PBXFileReference; lastKnownFileType = file.storyboard; name = Base; path = Base.lproj/LaunchScreen.storyboard; sourceTree = "<group>"; };
		3B85F21D299F6F5000408FA8 /* Info.plist */ = {isa = PBXFileReference; lastKnownFileType = text.plist.xml; path = Info.plist; sourceTree = "<group>"; };
		3B85F228299F76F000408FA8 /* ViewModelType.swift */ = {isa = PBXFileReference; lastKnownFileType = sourcecode.swift; path = ViewModelType.swift; sourceTree = "<group>"; };
		3B85F22A299F773F00408FA8 /* Application.swift */ = {isa = PBXFileReference; lastKnownFileType = sourcecode.swift; path = Application.swift; sourceTree = "<group>"; };
		61E47C8C861B90C41D8D765D /* Pods-GitFeed.release.xcconfig */ = {isa = PBXFileReference; includeInIndex = 1; lastKnownFileType = text.xcconfig; name = "Pods-GitFeed.release.xcconfig"; path = "Target Support Files/Pods-GitFeed/Pods-GitFeed.release.xcconfig"; sourceTree = "<group>"; };
		E874954F5B93D7E1475C2BF5 /* libPods-GitFeed.a */ = {isa = PBXFileReference; explicitFileType = archive.ar; includeInIndex = 0; path = "libPods-GitFeed.a"; sourceTree = BUILT_PRODUCTS_DIR; };
/* End PBXFileReference section */

/* Begin PBXFrameworksBuildPhase section */
		3B85F209299F6F5000408FA8 /* Frameworks */ = {
			isa = PBXFrameworksBuildPhase;
			buildActionMask = 2147483647;
			files = (
				8BA6C8671B19C75EE0245453 /* libPods-GitFeed.a in Frameworks */,
			);
			runOnlyForDeploymentPostprocessing = 0;
		};
/* End PBXFrameworksBuildPhase section */

/* Begin PBXGroup section */
		3B85F203299F6F5000408FA8 = {
			isa = PBXGroup;
			children = (
				3B85F20E299F6F5000408FA8 /* GitFeed */,
				3B85F20D299F6F5000408FA8 /* Products */,
				EFF186699A17397B895929DA /* Pods */,
				E4D3C11E6887E122495FB71C /* Frameworks */,
			);
			sourceTree = "<group>";
		};
		3B85F20D299F6F5000408FA8 /* Products */ = {
			isa = PBXGroup;
			children = (
				3B85F20C299F6F5000408FA8 /* GitFeed.app */,
			);
			name = Products;
			sourceTree = "<group>";
		};
		3B85F20E299F6F5000408FA8 /* GitFeed */ = {
			isa = PBXGroup;
			children = (
				3B85F223299F760600408FA8 /* Application */,
				3B85F224299F764100408FA8 /* Scenes */,
				3B85F226299F76BB00408FA8 /* Common */,
				3B85F227299F76C000408FA8 /* Utility */,
				3B85F20F299F6F5000408FA8 /* AppDelegate.swift */,
				3B85F211299F6F5000408FA8 /* SceneDelegate.swift */,
				3B85F218299F6F5000408FA8 /* Assets.xcassets */,
				3B85F21D299F6F5000408FA8 /* Info.plist */,
				3B85F215299F6F5000408FA8 /* Main.storyboard */,
				3B85F21A299F6F5000408FA8 /* LaunchScreen.storyboard */,
			);
			path = GitFeed;
			sourceTree = "<group>";
		};
		3B85F223299F760600408FA8 /* Application */ = {
			isa = PBXGroup;
			children = (
				3B85F22A299F773F00408FA8 /* Application.swift */,
			);
			path = Application;
			sourceTree = "<group>";
		};
		3B85F224299F764100408FA8 /* Scenes */ = {
			isa = PBXGroup;
			children = (
				3B85F213299F6F5000408FA8 /* ViewController.swift */,
			);
			path = Scenes;
			sourceTree = "<group>";
		};
		3B85F226299F76BB00408FA8 /* Common */ = {
			isa = PBXGroup;
			children = (
				3B85F228299F76F000408FA8 /* ViewModelType.swift */,
			);
			path = Common;
			sourceTree = "<group>";
		};
		3B85F227299F76C000408FA8 /* Utility */ = {
			isa = PBXGroup;
			children = (
			);
			name = Utility;
			path = "New Group/Utility";
			sourceTree = "<group>";
		};
		E4D3C11E6887E122495FB71C /* Frameworks */ = {
			isa = PBXGroup;
			children = (
				E874954F5B93D7E1475C2BF5 /* libPods-GitFeed.a */,
			);
			name = Frameworks;
			sourceTree = "<group>";
		};
		EFF186699A17397B895929DA /* Pods */ = {
			isa = PBXGroup;
			children = (
				02BFD175FE5F14F8E9D7AADD /* Pods-GitFeed.debug.xcconfig */,
				61E47C8C861B90C41D8D765D /* Pods-GitFeed.release.xcconfig */,
			);
			path = Pods;
			sourceTree = "<group>";
		};
/* End PBXGroup section */

/* Begin PBXNativeTarget section */
		3B85F20B299F6F5000408FA8 /* GitFeed */ = {
			isa = PBXNativeTarget;
			buildConfigurationList = 3B85F220299F6F5000408FA8 /* Build configuration list for PBXNativeTarget "GitFeed" */;
			buildPhases = (
				AD1DF65C5D74D2776090295A /* [CP] Check Pods Manifest.lock */,
				3B85F208299F6F5000408FA8 /* Sources */,
				3B85F209299F6F5000408FA8 /* Frameworks */,
				3B85F20A299F6F5000408FA8 /* Resources */,
			);
			buildRules = (
			);
			dependencies = (
			);
			name = GitFeed;
			productName = GitFeed;
			productReference = 3B85F20C299F6F5000408FA8 /* GitFeed.app */;
			productType = "com.apple.product-type.application";
		};
/* End PBXNativeTarget section */

/* Begin PBXProject section */
		3B85F204299F6F5000408FA8 /* Project object */ = {
			isa = PBXProject;
			attributes = {
				BuildIndependentTargetsInParallel = 1;
				LastSwiftUpdateCheck = 1420;
				LastUpgradeCheck = 1420;
				TargetAttributes = {
					3B85F20B299F6F5000408FA8 = {
						CreatedOnToolsVersion = 14.2;
					};
				};
			};
			buildConfigurationList = 3B85F207299F6F5000408FA8 /* Build configuration list for PBXProject "GitFeed" */;
			compatibilityVersion = "Xcode 13.0";
			developmentRegion = en;
			hasScannedForEncodings = 0;
			knownRegions = (
				en,
				Base,
			);
			mainGroup = 3B85F203299F6F5000408FA8;
			productRefGroup = 3B85F20D299F6F5000408FA8 /* Products */;
			projectDirPath = "";
			projectRoot = "";
			targets = (
				3B85F20B299F6F5000408FA8 /* GitFeed */,
			);
		};
/* End PBXProject section */

/* Begin PBXResourcesBuildPhase section */
		3B85F20A299F6F5000408FA8 /* Resources */ = {
			isa = PBXResourcesBuildPhase;
			buildActionMask = 2147483647;
			files = (
				3B85F21C299F6F5000408FA8 /* LaunchScreen.storyboard in Resources */,
				3B85F219299F6F5000408FA8 /* Assets.xcassets in Resources */,
				3B85F217299F6F5000408FA8 /* Main.storyboard in Resources */,
			);
			runOnlyForDeploymentPostprocessing = 0;
		};
/* End PBXResourcesBuildPhase section */

/* Begin PBXShellScriptBuildPhase section */
		AD1DF65C5D74D2776090295A /* [CP] Check Pods Manifest.lock */ = {
			isa = PBXShellScriptBuildPhase;
			buildActionMask = 2147483647;
			files = (
			);
			inputFileListPaths = (
			);
			inputPaths = (
				"${PODS_PODFILE_DIR_PATH}/Podfile.lock",
				"${PODS_ROOT}/Manifest.lock",
			);
			name = "[CP] Check Pods Manifest.lock";
			outputFileListPaths = (
			);
			outputPaths = (
				"$(DERIVED_FILE_DIR)/Pods-GitFeed-checkManifestLockResult.txt",
			);
			runOnlyForDeploymentPostprocessing = 0;
			shellPath = /bin/sh;
			shellScript = "diff \"${PODS_PODFILE_DIR_PATH}/Podfile.lock\" \"${PODS_ROOT}/Manifest.lock\" > /dev/null\nif [ $? != 0 ] ; then\n    # print error to STDERR\n    echo \"error: The sandbox is not in sync with the Podfile.lock. Run 'pod install' or update your CocoaPods installation.\" >&2\n    exit 1\nfi\n# This output is used by Xcode 'outputs' to avoid re-running this script phase.\necho \"SUCCESS\" > \"${SCRIPT_OUTPUT_FILE_0}\"\n";
			showEnvVarsInLog = 0;
		};
/* End PBXShellScriptBuildPhase section */

/* Begin PBXSourcesBuildPhase section */
		3B85F208299F6F5000408FA8 /* Sources */ = {
			isa = PBXSourcesBuildPhase;
			buildActionMask = 2147483647;
			files = (
				3B85F22B299F773F00408FA8 /* Application.swift in Sources */,
				3B85F229299F76F000408FA8 /* ViewModelType.swift in Sources */,
				3B85F214299F6F5000408FA8 /* ViewController.swift in Sources */,
				3B85F210299F6F5000408FA8 /* AppDelegate.swift in Sources */,
				3B85F212299F6F5000408FA8 /* SceneDelegate.swift in Sources */,
			);
			runOnlyForDeploymentPostprocessing = 0;
		};
/* End PBXSourcesBuildPhase section */

/* Begin PBXVariantGroup section */
		3B85F215299F6F5000408FA8 /* Main.storyboard */ = {
			isa = PBXVariantGroup;
			children = (
				3B85F216299F6F5000408FA8 /* Base */,
			);
			name = Main.storyboard;
			sourceTree = "<group>";
		};
		3B85F21A299F6F5000408FA8 /* LaunchScreen.storyboard */ = {
			isa = PBXVariantGroup;
			children = (
				3B85F21B299F6F5000408FA8 /* Base */,
			);
			name = LaunchScreen.storyboard;
			sourceTree = "<group>";
		};
/* End PBXVariantGroup section */

/* Begin XCBuildConfiguration section */
		3B85F21E299F6F5000408FA8 /* Debug */ = {
			isa = XCBuildConfiguration;
			buildSettings = {
				ALWAYS_SEARCH_USER_PATHS = NO;
				CLANG_ANALYZER_NONNULL = YES;
				CLANG_ANALYZER_NUMBER_OBJECT_CONVERSION = YES_AGGRESSIVE;
				CLANG_CXX_LANGUAGE_STANDARD = "gnu++20";
				CLANG_ENABLE_MODULES = YES;
				CLANG_ENABLE_OBJC_ARC = YES;
				CLANG_ENABLE_OBJC_WEAK = YES;
				CLANG_WARN_BLOCK_CAPTURE_AUTORELEASING = YES;
				CLANG_WARN_BOOL_CONVERSION = YES;
				CLANG_WARN_COMMA = YES;
				CLANG_WARN_CONSTANT_CONVERSION = YES;
				CLANG_WARN_DEPRECATED_OBJC_IMPLEMENTATIONS = YES;
				CLANG_WARN_DIRECT_OBJC_ISA_USAGE = YES_ERROR;
				CLANG_WARN_DOCUMENTATION_COMMENTS = YES;
				CLANG_WARN_EMPTY_BODY = YES;
				CLANG_WARN_ENUM_CONVERSION = YES;
				CLANG_WARN_INFINITE_RECURSION = YES;
				CLANG_WARN_INT_CONVERSION = YES;
				CLANG_WARN_NON_LITERAL_NULL_CONVERSION = YES;
				CLANG_WARN_OBJC_IMPLICIT_RETAIN_SELF = YES;
				CLANG_WARN_OBJC_LITERAL_CONVERSION = YES;
				CLANG_WARN_OBJC_ROOT_CLASS = YES_ERROR;
				CLANG_WARN_QUOTED_INCLUDE_IN_FRAMEWORK_HEADER = YES;
				CLANG_WARN_RANGE_LOOP_ANALYSIS = YES;
				CLANG_WARN_STRICT_PROTOTYPES = YES;
				CLANG_WARN_SUSPICIOUS_MOVE = YES;
				CLANG_WARN_UNGUARDED_AVAILABILITY = YES_AGGRESSIVE;
				CLANG_WARN_UNREACHABLE_CODE = YES;
				CLANG_WARN__DUPLICATE_METHOD_MATCH = YES;
				COPY_PHASE_STRIP = NO;
				DEBUG_INFORMATION_FORMAT = dwarf;
				ENABLE_STRICT_OBJC_MSGSEND = YES;
				ENABLE_TESTABILITY = YES;
				GCC_C_LANGUAGE_STANDARD = gnu11;
				GCC_DYNAMIC_NO_PIC = NO;
				GCC_NO_COMMON_BLOCKS = YES;
				GCC_OPTIMIZATION_LEVEL = 0;
				GCC_PREPROCESSOR_DEFINITIONS = (
					"DEBUG=1",
					"$(inherited)",
				);
				GCC_WARN_64_TO_32_BIT_CONVERSION = YES;
				GCC_WARN_ABOUT_RETURN_TYPE = YES_ERROR;
				GCC_WARN_UNDECLARED_SELECTOR = YES;
				GCC_WARN_UNINITIALIZED_AUTOS = YES_AGGRESSIVE;
				GCC_WARN_UNUSED_FUNCTION = YES;
				GCC_WARN_UNUSED_VARIABLE = YES;
				IPHONEOS_DEPLOYMENT_TARGET = 16.2;
				MTL_ENABLE_DEBUG_INFO = INCLUDE_SOURCE;
				MTL_FAST_MATH = YES;
				ONLY_ACTIVE_ARCH = YES;
				SDKROOT = iphoneos;
				SWIFT_ACTIVE_COMPILATION_CONDITIONS = DEBUG;
				SWIFT_OPTIMIZATION_LEVEL = "-Onone";
			};
			name = Debug;
		};
		3B85F21F299F6F5000408FA8 /* Release */ = {
			isa = XCBuildConfiguration;
			buildSettings = {
				ALWAYS_SEARCH_USER_PATHS = NO;
				CLANG_ANALYZER_NONNULL = YES;
				CLANG_ANALYZER_NUMBER_OBJECT_CONVERSION = YES_AGGRESSIVE;
				CLANG_CXX_LANGUAGE_STANDARD = "gnu++20";
				CLANG_ENABLE_MODULES = YES;
				CLANG_ENABLE_OBJC_ARC = YES;
				CLANG_ENABLE_OBJC_WEAK = YES;
				CLANG_WARN_BLOCK_CAPTURE_AUTORELEASING = YES;
				CLANG_WARN_BOOL_CONVERSION = YES;
				CLANG_WARN_COMMA = YES;
				CLANG_WARN_CONSTANT_CONVERSION = YES;
				CLANG_WARN_DEPRECATED_OBJC_IMPLEMENTATIONS = YES;
				CLANG_WARN_DIRECT_OBJC_ISA_USAGE = YES_ERROR;
				CLANG_WARN_DOCUMENTATION_COMMENTS = YES;
				CLANG_WARN_EMPTY_BODY = YES;
				CLANG_WARN_ENUM_CONVERSION = YES;
				CLANG_WARN_INFINITE_RECURSION = YES;
				CLANG_WARN_INT_CONVERSION = YES;
				CLANG_WARN_NON_LITERAL_NULL_CONVERSION = YES;
				CLANG_WARN_OBJC_IMPLICIT_RETAIN_SELF = YES;
				CLANG_WARN_OBJC_LITERAL_CONVERSION = YES;
				CLANG_WARN_OBJC_ROOT_CLASS = YES_ERROR;
				CLANG_WARN_QUOTED_INCLUDE_IN_FRAMEWORK_HEADER = YES;
				CLANG_WARN_RANGE_LOOP_ANALYSIS = YES;
				CLANG_WARN_STRICT_PROTOTYPES = YES;
				CLANG_WARN_SUSPICIOUS_MOVE = YES;
				CLANG_WARN_UNGUARDED_AVAILABILITY = YES_AGGRESSIVE;
				CLANG_WARN_UNREACHABLE_CODE = YES;
				CLANG_WARN__DUPLICATE_METHOD_MATCH = YES;
				COPY_PHASE_STRIP = NO;
				DEBUG_INFORMATION_FORMAT = "dwarf-with-dsym";
				ENABLE_NS_ASSERTIONS = NO;
				ENABLE_STRICT_OBJC_MSGSEND = YES;
				GCC_C_LANGUAGE_STANDARD = gnu11;
				GCC_NO_COMMON_BLOCKS = YES;
				GCC_WARN_64_TO_32_BIT_CONVERSION = YES;
				GCC_WARN_ABOUT_RETURN_TYPE = YES_ERROR;
				GCC_WARN_UNDECLARED_SELECTOR = YES;
				GCC_WARN_UNINITIALIZED_AUTOS = YES_AGGRESSIVE;
				GCC_WARN_UNUSED_FUNCTION = YES;
				GCC_WARN_UNUSED_VARIABLE = YES;
				IPHONEOS_DEPLOYMENT_TARGET = 16.2;
				MTL_ENABLE_DEBUG_INFO = NO;
				MTL_FAST_MATH = YES;
				SDKROOT = iphoneos;
				SWIFT_COMPILATION_MODE = wholemodule;
				SWIFT_OPTIMIZATION_LEVEL = "-O";
				VALIDATE_PRODUCT = YES;
			};
			name = Release;
		};
		3B85F221299F6F5000408FA8 /* Debug */ = {
			isa = XCBuildConfiguration;
			baseConfigurationReference = 02BFD175FE5F14F8E9D7AADD /* Pods-GitFeed.debug.xcconfig */;
			buildSettings = {
				ASSETCATALOG_COMPILER_APPICON_NAME = AppIcon;
				ASSETCATALOG_COMPILER_GLOBAL_ACCENT_COLOR_NAME = AccentColor;
				CODE_SIGN_STYLE = Automatic;
				CURRENT_PROJECT_VERSION = 1;
				DEVELOPMENT_TEAM = UKU2UB96JP;
				GENERATE_INFOPLIST_FILE = YES;
				INFOPLIST_FILE = GitFeed/Info.plist;
				INFOPLIST_KEY_UIApplicationSupportsIndirectInputEvents = YES;
				INFOPLIST_KEY_UILaunchStoryboardName = LaunchScreen;
				INFOPLIST_KEY_UIMainStoryboardFile = Main;
				INFOPLIST_KEY_UISupportedInterfaceOrientations_iPad = "UIInterfaceOrientationPortrait UIInterfaceOrientationPortraitUpsideDown UIInterfaceOrientationLandscapeLeft UIInterfaceOrientationLandscapeRight";
				INFOPLIST_KEY_UISupportedInterfaceOrientations_iPhone = "UIInterfaceOrientationPortrait UIInterfaceOrientationLandscapeLeft UIInterfaceOrientationLandscapeRight";
				IPHONEOS_DEPLOYMENT_TARGET = 14.0;
				LD_RUNPATH_SEARCH_PATHS = (
					"$(inherited)",
					"@executable_path/Frameworks",
				);
				MARKETING_VERSION = 1.0;
				PRODUCT_BUNDLE_IDENTIFIER = suman.GitFeed;
				PRODUCT_NAME = "$(TARGET_NAME)";
				SWIFT_EMIT_LOC_STRINGS = YES;
				SWIFT_VERSION = 5.0;
				TARGETED_DEVICE_FAMILY = "1,2";
			};
			name = Debug;
		};
		3B85F222299F6F5000408FA8 /* Release */ = {
			isa = XCBuildConfiguration;
			baseConfigurationReference = 61E47C8C861B90C41D8D765D /* Pods-GitFeed.release.xcconfig */;
			buildSettings = {
				ASSETCATALOG_COMPILER_APPICON_NAME = AppIcon;
				ASSETCATALOG_COMPILER_GLOBAL_ACCENT_COLOR_NAME = AccentColor;
				CODE_SIGN_STYLE = Automatic;
				CURRENT_PROJECT_VERSION = 1;
				DEVELOPMENT_TEAM = UKU2UB96JP;
				GENERATE_INFOPLIST_FILE = YES;
				INFOPLIST_FILE = GitFeed/Info.plist;
				INFOPLIST_KEY_UIApplicationSupportsIndirectInputEvents = YES;
				INFOPLIST_KEY_UILaunchStoryboardName = LaunchScreen;
				INFOPLIST_KEY_UIMainStoryboardFile = Main;
				INFOPLIST_KEY_UISupportedInterfaceOrientations_iPad = "UIInterfaceOrientationPortrait UIInterfaceOrientationPortraitUpsideDown UIInterfaceOrientationLandscapeLeft UIInterfaceOrientationLandscapeRight";
				INFOPLIST_KEY_UISupportedInterfaceOrientations_iPhone = "UIInterfaceOrientationPortrait UIInterfaceOrientationLandscapeLeft UIInterfaceOrientationLandscapeRight";
				IPHONEOS_DEPLOYMENT_TARGET = 14.0;
				LD_RUNPATH_SEARCH_PATHS = (
					"$(inherited)",
					"@executable_path/Frameworks",
				);
				MARKETING_VERSION = 1.0;
				PRODUCT_BUNDLE_IDENTIFIER = suman.GitFeed;
				PRODUCT_NAME = "$(TARGET_NAME)";
				SWIFT_EMIT_LOC_STRINGS = YES;
				SWIFT_VERSION = 5.0;
				TARGETED_DEVICE_FAMILY = "1,2";
			};
			name = Release;
		};
/* End XCBuildConfiguration section */

/* Begin XCConfigurationList section */
		3B85F207299F6F5000408FA8 /* Build configuration list for PBXProject "GitFeed" */ = {
			isa = XCConfigurationList;
			buildConfigurations = (
				3B85F21E299F6F5000408FA8 /* Debug */,
				3B85F21F299F6F5000408FA8 /* Release */,
			);
			defaultConfigurationIsVisible = 0;
			defaultConfigurationName = Release;
		};
		3B85F220299F6F5000408FA8 /* Build configuration list for PBXNativeTarget "GitFeed" */ = {
			isa = XCConfigurationList;
			buildConfigurations = (
				3B85F221299F6F5000408FA8 /* Debug */,
				3B85F222299F6F5000408FA8 /* Release */,
			);
			defaultConfigurationIsVisible = 0;
			defaultConfigurationName = Release;
		};
/* End XCConfigurationList section */
	};
	rootObject = 3B85F204299F6F5000408FA8 /* Project object */;
}
