// !$*UTF8*$!
{
	archiveVersion = 1;
	classes = {
	};
	objectVersion = 55;
	objects = {

/* Begin PBXBuildFile section */
		3B5B0E0529A2707F00AECF22 /* FeedViewModel.swift in Sources */ = {isa = PBXBuildFile; fileRef = 3B5B0E0429A2707F00AECF22 /* FeedViewModel.swift */; };
		3B5B0E0729A321BD00AECF22 /* ActivityIndicator.swift in Sources */ = {isa = PBXBuildFile; fileRef = 3B5B0E0629A321BD00AECF22 /* ActivityIndicator.swift */; };
		3B5B0E0929A33C9E00AECF22 /* FeedNavigator.swift in Sources */ = {isa = PBXBuildFile; fileRef = 3B5B0E0829A33C9E00AECF22 /* FeedNavigator.swift */; };
		3B5B0E0B29A354F300AECF22 /* Observable+Extension.swift in Sources */ = {isa = PBXBuildFile; fileRef = 3B5B0E0A29A354F300AECF22 /* Observable+Extension.swift */; };
		3B5B0E0D29A355C100AECF22 /* FeedItemViewModel.swift in Sources */ = {isa = PBXBuildFile; fileRef = 3B5B0E0C29A355C100AECF22 /* FeedItemViewModel.swift */; };
		3B5B0E0F29A35E0200AECF22 /* FeedTableViewCell.swift in Sources */ = {isa = PBXBuildFile; fileRef = 3B5B0E0E29A35E0200AECF22 /* FeedTableViewCell.swift */; };
		3B5EDAC229A0B6BE005D3E49 /* Domain.h in Headers */ = {isa = PBXBuildFile; fileRef = 3B5EDAC129A0B6BE005D3E49 /* Domain.h */; settings = {ATTRIBUTES = (Public, ); }; };
		3B5EDAC529A0B6BE005D3E49 /* Domain.framework in Frameworks */ = {isa = PBXBuildFile; fileRef = 3B5EDABF29A0B6BE005D3E49 /* Domain.framework */; };
		3B5EDAC629A0B6BE005D3E49 /* Domain.framework in Embed Frameworks */ = {isa = PBXBuildFile; fileRef = 3B5EDABF29A0B6BE005D3E49 /* Domain.framework */; settings = {ATTRIBUTES = (CodeSignOnCopy, RemoveHeadersOnCopy, ); }; };
		3B5EDACE29A0B6E1005D3E49 /* FeedUseCase.swift in Sources */ = {isa = PBXBuildFile; fileRef = 3B5EDACD29A0B6E1005D3E49 /* FeedUseCase.swift */; };
		3B5EDAD029A0B6E7005D3E49 /* UseCaseProvider.swift in Sources */ = {isa = PBXBuildFile; fileRef = 3B5EDACF29A0B6E7005D3E49 /* UseCaseProvider.swift */; };
		3B5EDAD229A0B6EE005D3E49 /* Repo.swift in Sources */ = {isa = PBXBuildFile; fileRef = 3B5EDAD129A0B6EE005D3E49 /* Repo.swift */; };
		3B5EDAD429A0B6F3005D3E49 /* Actor.swift in Sources */ = {isa = PBXBuildFile; fileRef = 3B5EDAD329A0B6F3005D3E49 /* Actor.swift */; };
		3B5EDAD629A0B6FA005D3E49 /* Feed.swift in Sources */ = {isa = PBXBuildFile; fileRef = 3B5EDAD529A0B6FA005D3E49 /* Feed.swift */; };
		3B5EDAF329A0BA49005D3E49 /* NetworkPlatform.h in Headers */ = {isa = PBXBuildFile; fileRef = 3B5EDAF229A0BA49005D3E49 /* NetworkPlatform.h */; settings = {ATTRIBUTES = (Public, ); }; };
		3B5EDAF629A0BA49005D3E49 /* NetworkPlatform.framework in Frameworks */ = {isa = PBXBuildFile; fileRef = 3B5EDAF029A0BA49005D3E49 /* NetworkPlatform.framework */; };
		3B5EDAF729A0BA49005D3E49 /* NetworkPlatform.framework in Embed Frameworks */ = {isa = PBXBuildFile; fileRef = 3B5EDAF029A0BA49005D3E49 /* NetworkPlatform.framework */; settings = {ATTRIBUTES = (CodeSignOnCopy, RemoveHeadersOnCopy, ); }; };
		3B5EDAFF29A0BAAF005D3E49 /* Network.swift in Sources */ = {isa = PBXBuildFile; fileRef = 3B5EDAFE29A0BAAF005D3E49 /* Network.swift */; };
		3B5EDB0129A0BBD2005D3E49 /* NetworkProvider.swift in Sources */ = {isa = PBXBuildFile; fileRef = 3B5EDB0029A0BBD2005D3E49 /* NetworkProvider.swift */; };
		3B5EDB0329A0BC48005D3E49 /* FeedNetwork.swift in Sources */ = {isa = PBXBuildFile; fileRef = 3B5EDB0229A0BC48005D3E49 /* FeedNetwork.swift */; };
		3B5EDB0C29A0C84D005D3E49 /* UseCaseProvider.swift in Sources */ = {isa = PBXBuildFile; fileRef = 3B5EDB0B29A0C84D005D3E49 /* UseCaseProvider.swift */; };
		3B5EDB0E29A0C860005D3E49 /* FeedsUseCase.swift in Sources */ = {isa = PBXBuildFile; fileRef = 3B5EDB0D29A0C860005D3E49 /* FeedsUseCase.swift */; };
		3B5EDB1029A0C9C3005D3E49 /* Cache.swift in Sources */ = {isa = PBXBuildFile; fileRef = 3B5EDB0F29A0C9C3005D3E49 /* Cache.swift */; };
		3B5EDB1329A0D3AB005D3E49 /* CacheValue.swift in Sources */ = {isa = PBXBuildFile; fileRef = 3B5EDB1229A0D3AB005D3E49 /* CacheValue.swift */; };
		3B85F210299F6F5000408FA8 /* AppDelegate.swift in Sources */ = {isa = PBXBuildFile; fileRef = 3B85F20F299F6F5000408FA8 /* AppDelegate.swift */; };
		3B85F212299F6F5000408FA8 /* SceneDelegate.swift in Sources */ = {isa = PBXBuildFile; fileRef = 3B85F211299F6F5000408FA8 /* SceneDelegate.swift */; };
		3B85F214299F6F5000408FA8 /* FeedViewController.swift in Sources */ = {isa = PBXBuildFile; fileRef = 3B85F213299F6F5000408FA8 /* FeedViewController.swift */; };
		3B85F217299F6F5000408FA8 /* Main.storyboard in Resources */ = {isa = PBXBuildFile; fileRef = 3B85F215299F6F5000408FA8 /* Main.storyboard */; };
		3B85F219299F6F5000408FA8 /* Assets.xcassets in Resources */ = {isa = PBXBuildFile; fileRef = 3B85F218299F6F5000408FA8 /* Assets.xcassets */; };
		3B85F21C299F6F5000408FA8 /* LaunchScreen.storyboard in Resources */ = {isa = PBXBuildFile; fileRef = 3B85F21A299F6F5000408FA8 /* LaunchScreen.storyboard */; };
		3B85F229299F76F000408FA8 /* ViewModelType.swift in Sources */ = {isa = PBXBuildFile; fileRef = 3B85F228299F76F000408FA8 /* ViewModelType.swift */; };
		3B85F22B299F773F00408FA8 /* Application.swift in Sources */ = {isa = PBXBuildFile; fileRef = 3B85F22A299F773F00408FA8 /* Application.swift */; };
		A9FB2B0959E0B00C163B02DC /* Pods_Domain.framework in Frameworks */ = {isa = PBXBuildFile; fileRef = F6CEE493FBE1D0EFFB080DBC /* Pods_Domain.framework */; };
		D15C1649B03ACEDB114D4EA9 /* Pods_NetworkPlatform.framework in Frameworks */ = {isa = PBXBuildFile; fileRef = 9758E116C45C90FE547DF8A6 /* Pods_NetworkPlatform.framework */; };
		FDDAE2C6D84F249955D2E5D2 /* Pods_GitFeed.framework in Frameworks */ = {isa = PBXBuildFile; fileRef = 9677F61CD319BE80A780B962 /* Pods_GitFeed.framework */; };
/* End PBXBuildFile section */

/* Begin PBXContainerItemProxy section */
		3B5EDAC329A0B6BE005D3E49 /* PBXContainerItemProxy */ = {
			isa = PBXContainerItemProxy;
			containerPortal = 3B85F204299F6F5000408FA8 /* Project object */;
			proxyType = 1;
			remoteGlobalIDString = 3B5EDABE29A0B6BE005D3E49;
			remoteInfo = Domain;
		};
		3B5EDAF429A0BA49005D3E49 /* PBXContainerItemProxy */ = {
			isa = PBXContainerItemProxy;
			containerPortal = 3B85F204299F6F5000408FA8 /* Project object */;
			proxyType = 1;
			remoteGlobalIDString = 3B5EDAEF29A0BA49005D3E49;
			remoteInfo = NetworkPlatform;
		};
/* End PBXContainerItemProxy section */

/* Begin PBXCopyFilesBuildPhase section */
		3B5EDAC729A0B6BE005D3E49 /* Embed Frameworks */ = {
			isa = PBXCopyFilesBuildPhase;
			buildActionMask = 2147483647;
			dstPath = "";
			dstSubfolderSpec = 10;
			files = (
				3B5EDAF729A0BA49005D3E49 /* NetworkPlatform.framework in Embed Frameworks */,
				3B5EDAC629A0B6BE005D3E49 /* Domain.framework in Embed Frameworks */,
			);
			name = "Embed Frameworks";
			runOnlyForDeploymentPostprocessing = 0;
		};
/* End PBXCopyFilesBuildPhase section */

/* Begin PBXFileReference section */
		02BFD175FE5F14F8E9D7AADD /* Pods-GitFeed.debug.xcconfig */ = {isa = PBXFileReference; includeInIndex = 1; lastKnownFileType = text.xcconfig; name = "Pods-GitFeed.debug.xcconfig"; path = "Target Support Files/Pods-GitFeed/Pods-GitFeed.debug.xcconfig"; sourceTree = "<group>"; };
		3B5B0E0429A2707F00AECF22 /* FeedViewModel.swift */ = {isa = PBXFileReference; lastKnownFileType = sourcecode.swift; path = FeedViewModel.swift; sourceTree = "<group>"; };
		3B5B0E0629A321BD00AECF22 /* ActivityIndicator.swift */ = {isa = PBXFileReference; lastKnownFileType = sourcecode.swift; name = ActivityIndicator.swift; path = GitFeed/Scenes/ActivityIndicator.swift; sourceTree = SOURCE_ROOT; };
		3B5B0E0829A33C9E00AECF22 /* FeedNavigator.swift */ = {isa = PBXFileReference; lastKnownFileType = sourcecode.swift; path = FeedNavigator.swift; sourceTree = "<group>"; };
		3B5B0E0A29A354F300AECF22 /* Observable+Extension.swift */ = {isa = PBXFileReference; lastKnownFileType = sourcecode.swift; path = "Observable+Extension.swift"; sourceTree = "<group>"; };
		3B5B0E0C29A355C100AECF22 /* FeedItemViewModel.swift */ = {isa = PBXFileReference; lastKnownFileType = sourcecode.swift; path = FeedItemViewModel.swift; sourceTree = "<group>"; };
		3B5B0E0E29A35E0200AECF22 /* FeedTableViewCell.swift */ = {isa = PBXFileReference; lastKnownFileType = sourcecode.swift; path = FeedTableViewCell.swift; sourceTree = "<group>"; };
		3B5EDABF29A0B6BE005D3E49 /* Domain.framework */ = {isa = PBXFileReference; explicitFileType = wrapper.framework; includeInIndex = 0; path = Domain.framework; sourceTree = BUILT_PRODUCTS_DIR; };
		3B5EDAC129A0B6BE005D3E49 /* Domain.h */ = {isa = PBXFileReference; lastKnownFileType = sourcecode.c.h; path = Domain.h; sourceTree = "<group>"; };
		3B5EDACD29A0B6E1005D3E49 /* FeedUseCase.swift */ = {isa = PBXFileReference; lastKnownFileType = sourcecode.swift; path = FeedUseCase.swift; sourceTree = "<group>"; };
		3B5EDACF29A0B6E7005D3E49 /* UseCaseProvider.swift */ = {isa = PBXFileReference; lastKnownFileType = sourcecode.swift; path = UseCaseProvider.swift; sourceTree = "<group>"; };
		3B5EDAD129A0B6EE005D3E49 /* Repo.swift */ = {isa = PBXFileReference; lastKnownFileType = sourcecode.swift; path = Repo.swift; sourceTree = "<group>"; };
		3B5EDAD329A0B6F3005D3E49 /* Actor.swift */ = {isa = PBXFileReference; lastKnownFileType = sourcecode.swift; path = Actor.swift; sourceTree = "<group>"; };
		3B5EDAD529A0B6FA005D3E49 /* Feed.swift */ = {isa = PBXFileReference; lastKnownFileType = sourcecode.swift; path = Feed.swift; sourceTree = "<group>"; };
		3B5EDAF029A0BA49005D3E49 /* NetworkPlatform.framework */ = {isa = PBXFileReference; explicitFileType = wrapper.framework; includeInIndex = 0; path = NetworkPlatform.framework; sourceTree = BUILT_PRODUCTS_DIR; };
		3B5EDAF229A0BA49005D3E49 /* NetworkPlatform.h */ = {isa = PBXFileReference; lastKnownFileType = sourcecode.c.h; path = NetworkPlatform.h; sourceTree = "<group>"; };
		3B5EDAFE29A0BAAF005D3E49 /* Network.swift */ = {isa = PBXFileReference; lastKnownFileType = sourcecode.swift; path = Network.swift; sourceTree = "<group>"; };
		3B5EDB0029A0BBD2005D3E49 /* NetworkProvider.swift */ = {isa = PBXFileReference; lastKnownFileType = sourcecode.swift; path = NetworkProvider.swift; sourceTree = "<group>"; };
		3B5EDB0229A0BC48005D3E49 /* FeedNetwork.swift */ = {isa = PBXFileReference; lastKnownFileType = sourcecode.swift; path = FeedNetwork.swift; sourceTree = "<group>"; };
		3B5EDB0B29A0C84D005D3E49 /* UseCaseProvider.swift */ = {isa = PBXFileReference; lastKnownFileType = sourcecode.swift; path = UseCaseProvider.swift; sourceTree = "<group>"; };
		3B5EDB0D29A0C860005D3E49 /* FeedsUseCase.swift */ = {isa = PBXFileReference; lastKnownFileType = sourcecode.swift; path = FeedsUseCase.swift; sourceTree = "<group>"; };
		3B5EDB0F29A0C9C3005D3E49 /* Cache.swift */ = {isa = PBXFileReference; lastKnownFileType = sourcecode.swift; path = Cache.swift; sourceTree = "<group>"; };
		3B5EDB1229A0D3AB005D3E49 /* CacheValue.swift */ = {isa = PBXFileReference; lastKnownFileType = sourcecode.swift; path = CacheValue.swift; sourceTree = "<group>"; };
		3B85F20C299F6F5000408FA8 /* GitFeed.app */ = {isa = PBXFileReference; explicitFileType = wrapper.application; includeInIndex = 0; path = GitFeed.app; sourceTree = BUILT_PRODUCTS_DIR; };
		3B85F20F299F6F5000408FA8 /* AppDelegate.swift */ = {isa = PBXFileReference; lastKnownFileType = sourcecode.swift; path = AppDelegate.swift; sourceTree = "<group>"; };
		3B85F211299F6F5000408FA8 /* SceneDelegate.swift */ = {isa = PBXFileReference; lastKnownFileType = sourcecode.swift; path = SceneDelegate.swift; sourceTree = "<group>"; };
		3B85F213299F6F5000408FA8 /* FeedViewController.swift */ = {isa = PBXFileReference; lastKnownFileType = sourcecode.swift; path = FeedViewController.swift; sourceTree = "<group>"; };
		3B85F216299F6F5000408FA8 /* Base */ = {isa = PBXFileReference; lastKnownFileType = file.storyboard; name = Base; path = Base.lproj/Main.storyboard; sourceTree = "<group>"; };
		3B85F218299F6F5000408FA8 /* Assets.xcassets */ = {isa = PBXFileReference; lastKnownFileType = folder.assetcatalog; path = Assets.xcassets; sourceTree = "<group>"; };
		3B85F21B299F6F5000408FA8 /* Base */ = {isa = PBXFileReference; lastKnownFileType = file.storyboard; name = Base; path = Base.lproj/LaunchScreen.storyboard; sourceTree = "<group>"; };
		3B85F21D299F6F5000408FA8 /* Info.plist */ = {isa = PBXFileReference; lastKnownFileType = text.plist.xml; path = Info.plist; sourceTree = "<group>"; };
		3B85F228299F76F000408FA8 /* ViewModelType.swift */ = {isa = PBXFileReference; lastKnownFileType = sourcecode.swift; path = ViewModelType.swift; sourceTree = "<group>"; };
		3B85F22A299F773F00408FA8 /* Application.swift */ = {isa = PBXFileReference; lastKnownFileType = sourcecode.swift; path = Application.swift; sourceTree = "<group>"; };
		61E47C8C861B90C41D8D765D /* Pods-GitFeed.release.xcconfig */ = {isa = PBXFileReference; includeInIndex = 1; lastKnownFileType = text.xcconfig; name = "Pods-GitFeed.release.xcconfig"; path = "Target Support Files/Pods-GitFeed/Pods-GitFeed.release.xcconfig"; sourceTree = "<group>"; };
		9677F61CD319BE80A780B962 /* Pods_GitFeed.framework */ = {isa = PBXFileReference; explicitFileType = wrapper.framework; includeInIndex = 0; path = Pods_GitFeed.framework; sourceTree = BUILT_PRODUCTS_DIR; };
		9758E116C45C90FE547DF8A6 /* Pods_NetworkPlatform.framework */ = {isa = PBXFileReference; explicitFileType = wrapper.framework; includeInIndex = 0; path = Pods_NetworkPlatform.framework; sourceTree = BUILT_PRODUCTS_DIR; };
		9A32CB445B04A6BB83CE0FBC /* Pods-NetworkPlatform.release.xcconfig */ = {isa = PBXFileReference; includeInIndex = 1; lastKnownFileType = text.xcconfig; name = "Pods-NetworkPlatform.release.xcconfig"; path = "Target Support Files/Pods-NetworkPlatform/Pods-NetworkPlatform.release.xcconfig"; sourceTree = "<group>"; };
		A309CD656760661CA67D4D0C /* Pods-NetworkPlatform.debug.xcconfig */ = {isa = PBXFileReference; includeInIndex = 1; lastKnownFileType = text.xcconfig; name = "Pods-NetworkPlatform.debug.xcconfig"; path = "Target Support Files/Pods-NetworkPlatform/Pods-NetworkPlatform.debug.xcconfig"; sourceTree = "<group>"; };
		BDDA87B4F71F062B324D4A9D /* Pods-Domain.release.xcconfig */ = {isa = PBXFileReference; includeInIndex = 1; lastKnownFileType = text.xcconfig; name = "Pods-Domain.release.xcconfig"; path = "Target Support Files/Pods-Domain/Pods-Domain.release.xcconfig"; sourceTree = "<group>"; };
		E3E11D0B02A51335039DA216 /* Pods-Domain.debug.xcconfig */ = {isa = PBXFileReference; includeInIndex = 1; lastKnownFileType = text.xcconfig; name = "Pods-Domain.debug.xcconfig"; path = "Target Support Files/Pods-Domain/Pods-Domain.debug.xcconfig"; sourceTree = "<group>"; };
		F6CEE493FBE1D0EFFB080DBC /* Pods_Domain.framework */ = {isa = PBXFileReference; explicitFileType = wrapper.framework; includeInIndex = 0; path = Pods_Domain.framework; sourceTree = BUILT_PRODUCTS_DIR; };
/* End PBXFileReference section */

/* Begin PBXFrameworksBuildPhase section */
		3B5EDABC29A0B6BE005D3E49 /* Frameworks */ = {
			isa = PBXFrameworksBuildPhase;
			buildActionMask = 2147483647;
			files = (
				A9FB2B0959E0B00C163B02DC /* Pods_Domain.framework in Frameworks */,
			);
			runOnlyForDeploymentPostprocessing = 0;
		};
		3B5EDAED29A0BA49005D3E49 /* Frameworks */ = {
			isa = PBXFrameworksBuildPhase;
			buildActionMask = 2147483647;
			files = (
				D15C1649B03ACEDB114D4EA9 /* Pods_NetworkPlatform.framework in Frameworks */,
			);
			runOnlyForDeploymentPostprocessing = 0;
		};
		3B85F209299F6F5000408FA8 /* Frameworks */ = {
			isa = PBXFrameworksBuildPhase;
			buildActionMask = 2147483647;
			files = (
				3B5EDAC529A0B6BE005D3E49 /* Domain.framework in Frameworks */,
				3B5EDAF629A0BA49005D3E49 /* NetworkPlatform.framework in Frameworks */,
				FDDAE2C6D84F249955D2E5D2 /* Pods_GitFeed.framework in Frameworks */,
			);
			runOnlyForDeploymentPostprocessing = 0;
		};
/* End PBXFrameworksBuildPhase section */

/* Begin PBXGroup section */
		3B5EDAC029A0B6BE005D3E49 /* Domain */ = {
			isa = PBXGroup;
			children = (
				3B5EDACC29A0B6C9005D3E49 /* Entries */,
				3B5EDACB29A0B6C9005D3E49 /* UseCases */,
				3B5EDAC129A0B6BE005D3E49 /* Domain.h */,
			);
			path = Domain;
			sourceTree = "<group>";
		};
		3B5EDACB29A0B6C9005D3E49 /* UseCases */ = {
			isa = PBXGroup;
			children = (
				3B5EDACD29A0B6E1005D3E49 /* FeedUseCase.swift */,
				3B5EDACF29A0B6E7005D3E49 /* UseCaseProvider.swift */,
			);
			path = UseCases;
			sourceTree = "<group>";
		};
		3B5EDACC29A0B6C9005D3E49 /* Entries */ = {
			isa = PBXGroup;
			children = (
				3B5EDAD529A0B6FA005D3E49 /* Feed.swift */,
				3B5EDAD329A0B6F3005D3E49 /* Actor.swift */,
				3B5EDAD129A0B6EE005D3E49 /* Repo.swift */,
			);
			path = Entries;
			sourceTree = "<group>";
		};
		3B5EDAF129A0BA49005D3E49 /* NetworkPlatform */ = {
			isa = PBXGroup;
			children = (
				3B5EDB1129A0C9F0005D3E49 /* Cache */,
				3B5EDAFD29A0BAA3005D3E49 /* API */,
				3B5EDAFB29A0BA8F005D3E49 /* Network */,
				3B5EDB0629A0BEB9005D3E49 /* UseCases */,
				3B5EDAF229A0BA49005D3E49 /* NetworkPlatform.h */,
			);
			path = NetworkPlatform;
			sourceTree = "<group>";
		};
		3B5EDAFB29A0BA8F005D3E49 /* Network */ = {
			isa = PBXGroup;
			children = (
				3B5EDAFE29A0BAAF005D3E49 /* Network.swift */,
				3B5EDB0029A0BBD2005D3E49 /* NetworkProvider.swift */,
			);
			path = Network;
			sourceTree = "<group>";
		};
		3B5EDAFD29A0BAA3005D3E49 /* API */ = {
			isa = PBXGroup;
			children = (
				3B5EDB0229A0BC48005D3E49 /* FeedNetwork.swift */,
			);
			path = API;
			sourceTree = "<group>";
		};
		3B5EDB0629A0BEB9005D3E49 /* UseCases */ = {
			isa = PBXGroup;
			children = (
				3B5EDB0D29A0C860005D3E49 /* FeedsUseCase.swift */,
				3B5EDB0B29A0C84D005D3E49 /* UseCaseProvider.swift */,
			);
			name = UseCases;
			path = Network/UseCases;
			sourceTree = "<group>";
		};
		3B5EDB1129A0C9F0005D3E49 /* Cache */ = {
			isa = PBXGroup;
			children = (
				3B5EDB0F29A0C9C3005D3E49 /* Cache.swift */,
				3B5EDB1229A0D3AB005D3E49 /* CacheValue.swift */,
			);
			path = Cache;
			sourceTree = "<group>";
		};
		3B85F203299F6F5000408FA8 = {
			isa = PBXGroup;
			children = (
				3B85F20E299F6F5000408FA8 /* GitFeed */,
				3B5EDAC029A0B6BE005D3E49 /* Domain */,
				3B5EDAF129A0BA49005D3E49 /* NetworkPlatform */,
				3B85F20D299F6F5000408FA8 /* Products */,
				EFF186699A17397B895929DA /* Pods */,
				E4D3C11E6887E122495FB71C /* Frameworks */,
			);
			sourceTree = "<group>";
		};
		3B85F20D299F6F5000408FA8 /* Products */ = {
			isa = PBXGroup;
			children = (
				3B85F20C299F6F5000408FA8 /* GitFeed.app */,
				3B5EDABF29A0B6BE005D3E49 /* Domain.framework */,
				3B5EDAF029A0BA49005D3E49 /* NetworkPlatform.framework */,
			);
			name = Products;
			sourceTree = "<group>";
		};
		3B85F20E299F6F5000408FA8 /* GitFeed */ = {
			isa = PBXGroup;
			children = (
				3B85F223299F760600408FA8 /* Application */,
				3B85F224299F764100408FA8 /* Scenes */,
				3B85F226299F76BB00408FA8 /* Common */,
				3B85F227299F76C000408FA8 /* Utility */,
				3B85F20F299F6F5000408FA8 /* AppDelegate.swift */,
				3B85F211299F6F5000408FA8 /* SceneDelegate.swift */,
				3B85F218299F6F5000408FA8 /* Assets.xcassets */,
				3B85F21D299F6F5000408FA8 /* Info.plist */,
				3B85F215299F6F5000408FA8 /* Main.storyboard */,
				3B85F21A299F6F5000408FA8 /* LaunchScreen.storyboard */,
			);
			path = GitFeed;
			sourceTree = "<group>";
		};
		3B85F223299F760600408FA8 /* Application */ = {
			isa = PBXGroup;
			children = (
				3B85F22A299F773F00408FA8 /* Application.swift */,
			);
			path = Application;
			sourceTree = "<group>";
		};
		3B85F224299F764100408FA8 /* Scenes */ = {
			isa = PBXGroup;
			children = (
				3B85F213299F6F5000408FA8 /* FeedViewController.swift */,
				3B5B0E0E29A35E0200AECF22 /* FeedTableViewCell.swift */,
				3B5B0E0429A2707F00AECF22 /* FeedViewModel.swift */,
				3B5B0E0C29A355C100AECF22 /* FeedItemViewModel.swift */,
				3B5B0E0829A33C9E00AECF22 /* FeedNavigator.swift */,
			);
			path = Scenes;
			sourceTree = "<group>";
		};
		3B85F226299F76BB00408FA8 /* Common */ = {
			isa = PBXGroup;
			children = (
				3B85F228299F76F000408FA8 /* ViewModelType.swift */,
			);
			path = Common;
			sourceTree = "<group>";
		};
		3B85F227299F76C000408FA8 /* Utility */ = {
			isa = PBXGroup;
			children = (
				3B5B0E0629A321BD00AECF22 /* ActivityIndicator.swift */,
				3B5B0E0A29A354F300AECF22 /* Observable+Extension.swift */,
			);
			name = Utility;
			path = "New Group/Utility";
			sourceTree = "<group>";
		};
		E4D3C11E6887E122495FB71C /* Frameworks */ = {
			isa = PBXGroup;
			children = (
				F6CEE493FBE1D0EFFB080DBC /* Pods_Domain.framework */,
				9677F61CD319BE80A780B962 /* Pods_GitFeed.framework */,
				9758E116C45C90FE547DF8A6 /* Pods_NetworkPlatform.framework */,
			);
			name = Frameworks;
			sourceTree = "<group>";
		};
		EFF186699A17397B895929DA /* Pods */ = {
			isa = PBXGroup;
			children = (
				02BFD175FE5F14F8E9D7AADD /* Pods-GitFeed.debug.xcconfig */,
				61E47C8C861B90C41D8D765D /* Pods-GitFeed.release.xcconfig */,
				E3E11D0B02A51335039DA216 /* Pods-Domain.debug.xcconfig */,
				BDDA87B4F71F062B324D4A9D /* Pods-Domain.release.xcconfig */,
				A309CD656760661CA67D4D0C /* Pods-NetworkPlatform.debug.xcconfig */,
				9A32CB445B04A6BB83CE0FBC /* Pods-NetworkPlatform.release.xcconfig */,
			);
			path = Pods;
			sourceTree = "<group>";
		};
/* End PBXGroup section */

/* Begin PBXHeadersBuildPhase section */
		3B5EDABA29A0B6BE005D3E49 /* Headers */ = {
			isa = PBXHeadersBuildPhase;
			buildActionMask = 2147483647;
			files = (
				3B5EDAC229A0B6BE005D3E49 /* Domain.h in Headers */,
			);
			runOnlyForDeploymentPostprocessing = 0;
		};
		3B5EDAEB29A0BA49005D3E49 /* Headers */ = {
			isa = PBXHeadersBuildPhase;
			buildActionMask = 2147483647;
			files = (
				3B5EDAF329A0BA49005D3E49 /* NetworkPlatform.h in Headers */,
			);
			runOnlyForDeploymentPostprocessing = 0;
		};
/* End PBXHeadersBuildPhase section */

/* Begin PBXNativeTarget section */
		3B5EDABE29A0B6BE005D3E49 /* Domain */ = {
			isa = PBXNativeTarget;
			buildConfigurationList = 3B5EDACA29A0B6BE005D3E49 /* Build configuration list for PBXNativeTarget "Domain" */;
			buildPhases = (
				99151610266C0B353B525599 /* [CP] Check Pods Manifest.lock */,
				3B5EDABA29A0B6BE005D3E49 /* Headers */,
				3B5EDABB29A0B6BE005D3E49 /* Sources */,
				3B5EDABC29A0B6BE005D3E49 /* Frameworks */,
				3B5EDABD29A0B6BE005D3E49 /* Resources */,
			);
			buildRules = (
			);
			dependencies = (
			);
			name = Domain;
			productName = Domain;
			productReference = 3B5EDABF29A0B6BE005D3E49 /* Domain.framework */;
			productType = "com.apple.product-type.framework";
		};
		3B5EDAEF29A0BA49005D3E49 /* NetworkPlatform */ = {
			isa = PBXNativeTarget;
			buildConfigurationList = 3B5EDAFA29A0BA49005D3E49 /* Build configuration list for PBXNativeTarget "NetworkPlatform" */;
			buildPhases = (
				2A9989ECDD70A2D9B539863A /* [CP] Check Pods Manifest.lock */,
				3B5EDAEB29A0BA49005D3E49 /* Headers */,
				3B5EDAEC29A0BA49005D3E49 /* Sources */,
				3B5EDAED29A0BA49005D3E49 /* Frameworks */,
				3B5EDAEE29A0BA49005D3E49 /* Resources */,
			);
			buildRules = (
			);
			dependencies = (
			);
			name = NetworkPlatform;
			productName = NetworkPlatform;
			productReference = 3B5EDAF029A0BA49005D3E49 /* NetworkPlatform.framework */;
			productType = "com.apple.product-type.framework";
		};
		3B85F20B299F6F5000408FA8 /* GitFeed */ = {
			isa = PBXNativeTarget;
			buildConfigurationList = 3B85F220299F6F5000408FA8 /* Build configuration list for PBXNativeTarget "GitFeed" */;
			buildPhases = (
				AD1DF65C5D74D2776090295A /* [CP] Check Pods Manifest.lock */,
				3B85F208299F6F5000408FA8 /* Sources */,
				3B85F209299F6F5000408FA8 /* Frameworks */,
				3B85F20A299F6F5000408FA8 /* Resources */,
				3B5EDAC729A0B6BE005D3E49 /* Embed Frameworks */,
				6B8F3A6B7C606B3A3495517E /* [CP] Embed Pods Frameworks */,
			);
			buildRules = (
			);
			dependencies = (
				3B5EDAC429A0B6BE005D3E49 /* PBXTargetDependency */,
				3B5EDAF529A0BA49005D3E49 /* PBXTargetDependency */,
			);
			name = GitFeed;
			productName = GitFeed;
			productReference = 3B85F20C299F6F5000408FA8 /* GitFeed.app */;
			productType = "com.apple.product-type.application";
		};
/* End PBXNativeTarget section */

/* Begin PBXProject section */
		3B85F204299F6F5000408FA8 /* Project object */ = {
			isa = PBXProject;
			attributes = {
				BuildIndependentTargetsInParallel = 1;
				LastSwiftUpdateCheck = 1420;
				LastUpgradeCheck = 1420;
				TargetAttributes = {
					3B5EDABE29A0B6BE005D3E49 = {
						CreatedOnToolsVersion = 14.2;
						LastSwiftMigration = 1420;
					};
					3B5EDAEF29A0BA49005D3E49 = {
						CreatedOnToolsVersion = 14.2;
						LastSwiftMigration = 1420;
					};
					3B85F20B299F6F5000408FA8 = {
						CreatedOnToolsVersion = 14.2;
					};
				};
			};
			buildConfigurationList = 3B85F207299F6F5000408FA8 /* Build configuration list for PBXProject "GitFeed" */;
			compatibilityVersion = "Xcode 13.0";
			developmentRegion = en;
			hasScannedForEncodings = 0;
			knownRegions = (
				en,
				Base,
			);
			mainGroup = 3B85F203299F6F5000408FA8;
			productRefGroup = 3B85F20D299F6F5000408FA8 /* Products */;
			projectDirPath = "";
			projectRoot = "";
			targets = (
				3B85F20B299F6F5000408FA8 /* GitFeed */,
				3B5EDABE29A0B6BE005D3E49 /* Domain */,
				3B5EDAEF29A0BA49005D3E49 /* NetworkPlatform */,
			);
		};
/* End PBXProject section */

/* Begin PBXResourcesBuildPhase section */
		3B5EDABD29A0B6BE005D3E49 /* Resources */ = {
			isa = PBXResourcesBuildPhase;
			buildActionMask = 2147483647;
			files = (
			);
			runOnlyForDeploymentPostprocessing = 0;
		};
		3B5EDAEE29A0BA49005D3E49 /* Resources */ = {
			isa = PBXResourcesBuildPhase;
			buildActionMask = 2147483647;
			files = (
			);
			runOnlyForDeploymentPostprocessing = 0;
		};
		3B85F20A299F6F5000408FA8 /* Resources */ = {
			isa = PBXResourcesBuildPhase;
			buildActionMask = 2147483647;
			files = (
				3B85F21C299F6F5000408FA8 /* LaunchScreen.storyboard in Resources */,
				3B85F219299F6F5000408FA8 /* Assets.xcassets in Resources */,
				3B85F217299F6F5000408FA8 /* Main.storyboard in Resources */,
			);
			runOnlyForDeploymentPostprocessing = 0;
		};
/* End PBXResourcesBuildPhase section */

/* Begin PBXShellScriptBuildPhase section */
		2A9989ECDD70A2D9B539863A /* [CP] Check Pods Manifest.lock */ = {
			isa = PBXShellScriptBuildPhase;
			buildActionMask = 2147483647;
			files = (
			);
			inputFileListPaths = (
			);
			inputPaths = (
				"${PODS_PODFILE_DIR_PATH}/Podfile.lock",
				"${PODS_ROOT}/Manifest.lock",
			);
			name = "[CP] Check Pods Manifest.lock";
			outputFileListPaths = (
			);
			outputPaths = (
				"$(DERIVED_FILE_DIR)/Pods-NetworkPlatform-checkManifestLockResult.txt",
			);
			runOnlyForDeploymentPostprocessing = 0;
			shellPath = /bin/sh;
			shellScript = "diff \"${PODS_PODFILE_DIR_PATH}/Podfile.lock\" \"${PODS_ROOT}/Manifest.lock\" > /dev/null\nif [ $? != 0 ] ; then\n    # print error to STDERR\n    echo \"error: The sandbox is not in sync with the Podfile.lock. Run 'pod install' or update your CocoaPods installation.\" >&2\n    exit 1\nfi\n# This output is used by Xcode 'outputs' to avoid re-running this script phase.\necho \"SUCCESS\" > \"${SCRIPT_OUTPUT_FILE_0}\"\n";
			showEnvVarsInLog = 0;
		};
		6B8F3A6B7C606B3A3495517E /* [CP] Embed Pods Frameworks */ = {
			isa = PBXShellScriptBuildPhase;
			buildActionMask = 2147483647;
			files = (
			);
			inputFileListPaths = (
				"${PODS_ROOT}/Target Support Files/Pods-GitFeed/Pods-GitFeed-frameworks-${CONFIGURATION}-input-files.xcfilelist",
			);
			name = "[CP] Embed Pods Frameworks";
			outputFileListPaths = (
				"${PODS_ROOT}/Target Support Files/Pods-GitFeed/Pods-GitFeed-frameworks-${CONFIGURATION}-output-files.xcfilelist",
			);
			runOnlyForDeploymentPostprocessing = 0;
			shellPath = /bin/sh;
			shellScript = "\"${PODS_ROOT}/Target Support Files/Pods-GitFeed/Pods-GitFeed-frameworks.sh\"\n";
			showEnvVarsInLog = 0;
		};
		99151610266C0B353B525599 /* [CP] Check Pods Manifest.lock */ = {
			isa = PBXShellScriptBuildPhase;
			buildActionMask = 2147483647;
			files = (
			);
			inputFileListPaths = (
			);
			inputPaths = (
				"${PODS_PODFILE_DIR_PATH}/Podfile.lock",
				"${PODS_ROOT}/Manifest.lock",
			);
			name = "[CP] Check Pods Manifest.lock";
			outputFileListPaths = (
			);
			outputPaths = (
				"$(DERIVED_FILE_DIR)/Pods-Domain-checkManifestLockResult.txt",
			);
			runOnlyForDeploymentPostprocessing = 0;
			shellPath = /bin/sh;
			shellScript = "diff \"${PODS_PODFILE_DIR_PATH}/Podfile.lock\" \"${PODS_ROOT}/Manifest.lock\" > /dev/null\nif [ $? != 0 ] ; then\n    # print error to STDERR\n    echo \"error: The sandbox is not in sync with the Podfile.lock. Run 'pod install' or update your CocoaPods installation.\" >&2\n    exit 1\nfi\n# This output is used by Xcode 'outputs' to avoid re-running this script phase.\necho \"SUCCESS\" > \"${SCRIPT_OUTPUT_FILE_0}\"\n";
			showEnvVarsInLog = 0;
		};
		AD1DF65C5D74D2776090295A /* [CP] Check Pods Manifest.lock */ = {
			isa = PBXShellScriptBuildPhase;
			buildActionMask = 2147483647;
			files = (
			);
			inputFileListPaths = (
			);
			inputPaths = (
				"${PODS_PODFILE_DIR_PATH}/Podfile.lock",
				"${PODS_ROOT}/Manifest.lock",
			);
			name = "[CP] Check Pods Manifest.lock";
			outputFileListPaths = (
			);
			outputPaths = (
				"$(DERIVED_FILE_DIR)/Pods-GitFeed-checkManifestLockResult.txt",
			);
			runOnlyForDeploymentPostprocessing = 0;
			shellPath = /bin/sh;
			shellScript = "diff \"${PODS_PODFILE_DIR_PATH}/Podfile.lock\" \"${PODS_ROOT}/Manifest.lock\" > /dev/null\nif [ $? != 0 ] ; then\n    # print error to STDERR\n    echo \"error: The sandbox is not in sync with the Podfile.lock. Run 'pod install' or update your CocoaPods installation.\" >&2\n    exit 1\nfi\n# This output is used by Xcode 'outputs' to avoid re-running this script phase.\necho \"SUCCESS\" > \"${SCRIPT_OUTPUT_FILE_0}\"\n";
			showEnvVarsInLog = 0;
		};
/* End PBXShellScriptBuildPhase section */

/* Begin PBXSourcesBuildPhase section */
		3B5EDABB29A0B6BE005D3E49 /* Sources */ = {
			isa = PBXSourcesBuildPhase;
			buildActionMask = 2147483647;
			files = (
				3B5EDAD229A0B6EE005D3E49 /* Repo.swift in Sources */,
				3B5EDAD629A0B6FA005D3E49 /* Feed.swift in Sources */,
				3B5EDAD029A0B6E7005D3E49 /* UseCaseProvider.swift in Sources */,
				3B5EDACE29A0B6E1005D3E49 /* FeedUseCase.swift in Sources */,
				3B5EDAD429A0B6F3005D3E49 /* Actor.swift in Sources */,
			);
			runOnlyForDeploymentPostprocessing = 0;
		};
		3B5EDAEC29A0BA49005D3E49 /* Sources */ = {
			isa = PBXSourcesBuildPhase;
			buildActionMask = 2147483647;
			files = (
				3B5EDB1329A0D3AB005D3E49 /* CacheValue.swift in Sources */,
				3B5EDB0C29A0C84D005D3E49 /* UseCaseProvider.swift in Sources */,
				3B5EDB0E29A0C860005D3E49 /* FeedsUseCase.swift in Sources */,
				3B5EDAFF29A0BAAF005D3E49 /* Network.swift in Sources */,
				3B5EDB0129A0BBD2005D3E49 /* NetworkProvider.swift in Sources */,
				3B5EDB1029A0C9C3005D3E49 /* Cache.swift in Sources */,
				3B5EDB0329A0BC48005D3E49 /* FeedNetwork.swift in Sources */,
			);
			runOnlyForDeploymentPostprocessing = 0;
		};
		3B85F208299F6F5000408FA8 /* Sources */ = {
			isa = PBXSourcesBuildPhase;
			buildActionMask = 2147483647;
			files = (
				3B85F22B299F773F00408FA8 /* Application.swift in Sources */,
				3B85F229299F76F000408FA8 /* ViewModelType.swift in Sources */,
				3B5B0E0529A2707F00AECF22 /* FeedViewModel.swift in Sources */,
				3B5B0E0D29A355C100AECF22 /* FeedItemViewModel.swift in Sources */,
				3B85F214299F6F5000408FA8 /* FeedViewController.swift in Sources */,
				3B5B0E0729A321BD00AECF22 /* ActivityIndicator.swift in Sources */,
				3B5B0E0929A33C9E00AECF22 /* FeedNavigator.swift in Sources */,
				3B5B0E0B29A354F300AECF22 /* Observable+Extension.swift in Sources */,
				3B85F210299F6F5000408FA8 /* AppDelegate.swift in Sources */,
				3B85F212299F6F5000408FA8 /* SceneDelegate.swift in Sources */,
				3B5B0E0F29A35E0200AECF22 /* FeedTableViewCell.swift in Sources */,
			);
			runOnlyForDeploymentPostprocessing = 0;
		};
/* End PBXSourcesBuildPhase section */

/* Begin PBXTargetDependency section */
		3B5EDAC429A0B6BE005D3E49 /* PBXTargetDependency */ = {
			isa = PBXTargetDependency;
			target = 3B5EDABE29A0B6BE005D3E49 /* Domain */;
			targetProxy = 3B5EDAC329A0B6BE005D3E49 /* PBXContainerItemProxy */;
		};
		3B5EDAF529A0BA49005D3E49 /* PBXTargetDependency */ = {
			isa = PBXTargetDependency;
			target = 3B5EDAEF29A0BA49005D3E49 /* NetworkPlatform */;
			targetProxy = 3B5EDAF429A0BA49005D3E49 /* PBXContainerItemProxy */;
		};
/* End PBXTargetDependency section */

/* Begin PBXVariantGroup section */
		3B85F215299F6F5000408FA8 /* Main.storyboard */ = {
			isa = PBXVariantGroup;
			children = (
				3B85F216299F6F5000408FA8 /* Base */,
			);
			name = Main.storyboard;
			sourceTree = "<group>";
		};
		3B85F21A299F6F5000408FA8 /* LaunchScreen.storyboard */ = {
			isa = PBXVariantGroup;
			children = (
				3B85F21B299F6F5000408FA8 /* Base */,
			);
			name = LaunchScreen.storyboard;
			sourceTree = "<group>";
		};
/* End PBXVariantGroup section */

/* Begin XCBuildConfiguration section */
		3B5EDAC829A0B6BE005D3E49 /* Debug */ = {
			isa = XCBuildConfiguration;
			baseConfigurationReference = E3E11D0B02A51335039DA216 /* Pods-Domain.debug.xcconfig */;
			buildSettings = {
				CLANG_ENABLE_MODULES = YES;
				CODE_SIGN_STYLE = Automatic;
				CURRENT_PROJECT_VERSION = 1;
				DEFINES_MODULE = YES;
				DEVELOPMENT_TEAM = UKU2UB96JP;
				DYLIB_COMPATIBILITY_VERSION = 1;
				DYLIB_CURRENT_VERSION = 1;
				DYLIB_INSTALL_NAME_BASE = "@rpath";
				GENERATE_INFOPLIST_FILE = YES;
				INFOPLIST_KEY_NSHumanReadableCopyright = "";
				INSTALL_PATH = "$(LOCAL_LIBRARY_DIR)/Frameworks";
				IPHONEOS_DEPLOYMENT_TARGET = 14.0;
				LD_RUNPATH_SEARCH_PATHS = (
					"$(inherited)",
					"@executable_path/Frameworks",
					"@loader_path/Frameworks",
				);
				MARKETING_VERSION = 1.0;
				PRODUCT_BUNDLE_IDENTIFIER = suman.Domain;
				PRODUCT_NAME = "$(TARGET_NAME:c99extidentifier)";
				SKIP_INSTALL = YES;
				SWIFT_EMIT_LOC_STRINGS = YES;
				SWIFT_OPTIMIZATION_LEVEL = "-Onone";
				SWIFT_VERSION = 5.0;
				TARGETED_DEVICE_FAMILY = "1,2";
				VERSIONING_SYSTEM = "apple-generic";
				VERSION_INFO_PREFIX = "";
			};
			name = Debug;
		};
		3B5EDAC929A0B6BE005D3E49 /* Release */ = {
			isa = XCBuildConfiguration;
			baseConfigurationReference = BDDA87B4F71F062B324D4A9D /* Pods-Domain.release.xcconfig */;
			buildSettings = {
				CLANG_ENABLE_MODULES = YES;
				CODE_SIGN_STYLE = Automatic;
				CURRENT_PROJECT_VERSION = 1;
				DEFINES_MODULE = YES;
				DEVELOPMENT_TEAM = UKU2UB96JP;
				DYLIB_COMPATIBILITY_VERSION = 1;
				DYLIB_CURRENT_VERSION = 1;
				DYLIB_INSTALL_NAME_BASE = "@rpath";
				GENERATE_INFOPLIST_FILE = YES;
				INFOPLIST_KEY_NSHumanReadableCopyright = "";
				INSTALL_PATH = "$(LOCAL_LIBRARY_DIR)/Frameworks";
				IPHONEOS_DEPLOYMENT_TARGET = 14.0;
				LD_RUNPATH_SEARCH_PATHS = (
					"$(inherited)",
					"@executable_path/Frameworks",
					"@loader_path/Frameworks",
				);
				MARKETING_VERSION = 1.0;
				PRODUCT_BUNDLE_IDENTIFIER = suman.Domain;
				PRODUCT_NAME = "$(TARGET_NAME:c99extidentifier)";
				SKIP_INSTALL = YES;
				SWIFT_EMIT_LOC_STRINGS = YES;
				SWIFT_VERSION = 5.0;
				TARGETED_DEVICE_FAMILY = "1,2";
				VERSIONING_SYSTEM = "apple-generic";
				VERSION_INFO_PREFIX = "";
			};
			name = Release;
		};
		3B5EDAF829A0BA49005D3E49 /* Debug */ = {
			isa = XCBuildConfiguration;
			baseConfigurationReference = A309CD656760661CA67D4D0C /* Pods-NetworkPlatform.debug.xcconfig */;
			buildSettings = {
				CLANG_ENABLE_MODULES = YES;
				CODE_SIGN_STYLE = Automatic;
				CURRENT_PROJECT_VERSION = 1;
				DEFINES_MODULE = YES;
				DEVELOPMENT_TEAM = UKU2UB96JP;
				DYLIB_COMPATIBILITY_VERSION = 1;
				DYLIB_CURRENT_VERSION = 1;
				DYLIB_INSTALL_NAME_BASE = "@rpath";
				GENERATE_INFOPLIST_FILE = YES;
				INFOPLIST_KEY_NSHumanReadableCopyright = "";
				INSTALL_PATH = "$(LOCAL_LIBRARY_DIR)/Frameworks";
				IPHONEOS_DEPLOYMENT_TARGET = 14.0;
				LD_RUNPATH_SEARCH_PATHS = (
					"$(inherited)",
					"@executable_path/Frameworks",
					"@loader_path/Frameworks",
				);
				MARKETING_VERSION = 1.0;
				PRODUCT_BUNDLE_IDENTIFIER = suman.NetworkPlatform;
				PRODUCT_NAME = "$(TARGET_NAME:c99extidentifier)";
				SKIP_INSTALL = YES;
				SWIFT_EMIT_LOC_STRINGS = YES;
				SWIFT_OPTIMIZATION_LEVEL = "-Onone";
				SWIFT_VERSION = 5.0;
				TARGETED_DEVICE_FAMILY = "1,2";
				VERSIONING_SYSTEM = "apple-generic";
				VERSION_INFO_PREFIX = "";
			};
			name = Debug;
		};
		3B5EDAF929A0BA49005D3E49 /* Release */ = {
			isa = XCBuildConfiguration;
			baseConfigurationReference = 9A32CB445B04A6BB83CE0FBC /* Pods-NetworkPlatform.release.xcconfig */;
			buildSettings = {
				CLANG_ENABLE_MODULES = YES;
				CODE_SIGN_STYLE = Automatic;
				CURRENT_PROJECT_VERSION = 1;
				DEFINES_MODULE = YES;
				DEVELOPMENT_TEAM = UKU2UB96JP;
				DYLIB_COMPATIBILITY_VERSION = 1;
				DYLIB_CURRENT_VERSION = 1;
				DYLIB_INSTALL_NAME_BASE = "@rpath";
				GENERATE_INFOPLIST_FILE = YES;
				INFOPLIST_KEY_NSHumanReadableCopyright = "";
				INSTALL_PATH = "$(LOCAL_LIBRARY_DIR)/Frameworks";
				IPHONEOS_DEPLOYMENT_TARGET = 14.0;
				LD_RUNPATH_SEARCH_PATHS = (
					"$(inherited)",
					"@executable_path/Frameworks",
					"@loader_path/Frameworks",
				);
				MARKETING_VERSION = 1.0;
				PRODUCT_BUNDLE_IDENTIFIER = suman.NetworkPlatform;
				PRODUCT_NAME = "$(TARGET_NAME:c99extidentifier)";
				SKIP_INSTALL = YES;
				SWIFT_EMIT_LOC_STRINGS = YES;
				SWIFT_VERSION = 5.0;
				TARGETED_DEVICE_FAMILY = "1,2";
				VERSIONING_SYSTEM = "apple-generic";
				VERSION_INFO_PREFIX = "";
			};
			name = Release;
		};
		3B85F21E299F6F5000408FA8 /* Debug */ = {
			isa = XCBuildConfiguration;
			buildSettings = {
				ALWAYS_SEARCH_USER_PATHS = NO;
				CLANG_ANALYZER_NONNULL = YES;
				CLANG_ANALYZER_NUMBER_OBJECT_CONVERSION = YES_AGGRESSIVE;
				CLANG_CXX_LANGUAGE_STANDARD = "gnu++20";
				CLANG_ENABLE_MODULES = YES;
				CLANG_ENABLE_OBJC_ARC = YES;
				CLANG_ENABLE_OBJC_WEAK = YES;
				CLANG_WARN_BLOCK_CAPTURE_AUTORELEASING = YES;
				CLANG_WARN_BOOL_CONVERSION = YES;
				CLANG_WARN_COMMA = YES;
				CLANG_WARN_CONSTANT_CONVERSION = YES;
				CLANG_WARN_DEPRECATED_OBJC_IMPLEMENTATIONS = YES;
				CLANG_WARN_DIRECT_OBJC_ISA_USAGE = YES_ERROR;
				CLANG_WARN_DOCUMENTATION_COMMENTS = YES;
				CLANG_WARN_EMPTY_BODY = YES;
				CLANG_WARN_ENUM_CONVERSION = YES;
				CLANG_WARN_INFINITE_RECURSION = YES;
				CLANG_WARN_INT_CONVERSION = YES;
				CLANG_WARN_NON_LITERAL_NULL_CONVERSION = YES;
				CLANG_WARN_OBJC_IMPLICIT_RETAIN_SELF = YES;
				CLANG_WARN_OBJC_LITERAL_CONVERSION = YES;
				CLANG_WARN_OBJC_ROOT_CLASS = YES_ERROR;
				CLANG_WARN_QUOTED_INCLUDE_IN_FRAMEWORK_HEADER = YES;
				CLANG_WARN_RANGE_LOOP_ANALYSIS = YES;
				CLANG_WARN_STRICT_PROTOTYPES = YES;
				CLANG_WARN_SUSPICIOUS_MOVE = YES;
				CLANG_WARN_UNGUARDED_AVAILABILITY = YES_AGGRESSIVE;
				CLANG_WARN_UNREACHABLE_CODE = YES;
				CLANG_WARN__DUPLICATE_METHOD_MATCH = YES;
				COPY_PHASE_STRIP = NO;
				DEBUG_INFORMATION_FORMAT = dwarf;
				ENABLE_STRICT_OBJC_MSGSEND = YES;
				ENABLE_TESTABILITY = YES;
				GCC_C_LANGUAGE_STANDARD = gnu11;
				GCC_DYNAMIC_NO_PIC = NO;
				GCC_NO_COMMON_BLOCKS = YES;
				GCC_OPTIMIZATION_LEVEL = 0;
				GCC_PREPROCESSOR_DEFINITIONS = (
					"DEBUG=1",
					"$(inherited)",
				);
				GCC_WARN_64_TO_32_BIT_CONVERSION = YES;
				GCC_WARN_ABOUT_RETURN_TYPE = YES_ERROR;
				GCC_WARN_UNDECLARED_SELECTOR = YES;
				GCC_WARN_UNINITIALIZED_AUTOS = YES_AGGRESSIVE;
				GCC_WARN_UNUSED_FUNCTION = YES;
				GCC_WARN_UNUSED_VARIABLE = YES;
				IPHONEOS_DEPLOYMENT_TARGET = 16.2;
				MTL_ENABLE_DEBUG_INFO = INCLUDE_SOURCE;
				MTL_FAST_MATH = YES;
				ONLY_ACTIVE_ARCH = YES;
				SDKROOT = iphoneos;
				SWIFT_ACTIVE_COMPILATION_CONDITIONS = DEBUG;
				SWIFT_OPTIMIZATION_LEVEL = "-Onone";
			};
			name = Debug;
		};
		3B85F21F299F6F5000408FA8 /* Release */ = {
			isa = XCBuildConfiguration;
			buildSettings = {
				ALWAYS_SEARCH_USER_PATHS = NO;
				CLANG_ANALYZER_NONNULL = YES;
				CLANG_ANALYZER_NUMBER_OBJECT_CONVERSION = YES_AGGRESSIVE;
				CLANG_CXX_LANGUAGE_STANDARD = "gnu++20";
				CLANG_ENABLE_MODULES = YES;
				CLANG_ENABLE_OBJC_ARC = YES;
				CLANG_ENABLE_OBJC_WEAK = YES;
				CLANG_WARN_BLOCK_CAPTURE_AUTORELEASING = YES;
				CLANG_WARN_BOOL_CONVERSION = YES;
				CLANG_WARN_COMMA = YES;
				CLANG_WARN_CONSTANT_CONVERSION = YES;
				CLANG_WARN_DEPRECATED_OBJC_IMPLEMENTATIONS = YES;
				CLANG_WARN_DIRECT_OBJC_ISA_USAGE = YES_ERROR;
				CLANG_WARN_DOCUMENTATION_COMMENTS = YES;
				CLANG_WARN_EMPTY_BODY = YES;
				CLANG_WARN_ENUM_CONVERSION = YES;
				CLANG_WARN_INFINITE_RECURSION = YES;
				CLANG_WARN_INT_CONVERSION = YES;
				CLANG_WARN_NON_LITERAL_NULL_CONVERSION = YES;
				CLANG_WARN_OBJC_IMPLICIT_RETAIN_SELF = YES;
				CLANG_WARN_OBJC_LITERAL_CONVERSION = YES;
				CLANG_WARN_OBJC_ROOT_CLASS = YES_ERROR;
				CLANG_WARN_QUOTED_INCLUDE_IN_FRAMEWORK_HEADER = YES;
				CLANG_WARN_RANGE_LOOP_ANALYSIS = YES;
				CLANG_WARN_STRICT_PROTOTYPES = YES;
				CLANG_WARN_SUSPICIOUS_MOVE = YES;
				CLANG_WARN_UNGUARDED_AVAILABILITY = YES_AGGRESSIVE;
				CLANG_WARN_UNREACHABLE_CODE = YES;
				CLANG_WARN__DUPLICATE_METHOD_MATCH = YES;
				COPY_PHASE_STRIP = NO;
				DEBUG_INFORMATION_FORMAT = "dwarf-with-dsym";
				ENABLE_NS_ASSERTIONS = NO;
				ENABLE_STRICT_OBJC_MSGSEND = YES;
				GCC_C_LANGUAGE_STANDARD = gnu11;
				GCC_NO_COMMON_BLOCKS = YES;
				GCC_WARN_64_TO_32_BIT_CONVERSION = YES;
				GCC_WARN_ABOUT_RETURN_TYPE = YES_ERROR;
				GCC_WARN_UNDECLARED_SELECTOR = YES;
				GCC_WARN_UNINITIALIZED_AUTOS = YES_AGGRESSIVE;
				GCC_WARN_UNUSED_FUNCTION = YES;
				GCC_WARN_UNUSED_VARIABLE = YES;
				IPHONEOS_DEPLOYMENT_TARGET = 16.2;
				MTL_ENABLE_DEBUG_INFO = NO;
				MTL_FAST_MATH = YES;
				SDKROOT = iphoneos;
				SWIFT_COMPILATION_MODE = wholemodule;
				SWIFT_OPTIMIZATION_LEVEL = "-O";
				VALIDATE_PRODUCT = YES;
			};
			name = Release;
		};
		3B85F221299F6F5000408FA8 /* Debug */ = {
			isa = XCBuildConfiguration;
			baseConfigurationReference = 02BFD175FE5F14F8E9D7AADD /* Pods-GitFeed.debug.xcconfig */;
			buildSettings = {
				ALWAYS_EMBED_SWIFT_STANDARD_LIBRARIES = YES;
				ASSETCATALOG_COMPILER_APPICON_NAME = AppIcon;
				ASSETCATALOG_COMPILER_GLOBAL_ACCENT_COLOR_NAME = AccentColor;
				CODE_SIGN_STYLE = Automatic;
				CURRENT_PROJECT_VERSION = 1;
				DEVELOPMENT_TEAM = UKU2UB96JP;
				GENERATE_INFOPLIST_FILE = YES;
				INFOPLIST_FILE = GitFeed/Info.plist;
				INFOPLIST_KEY_UIApplicationSupportsIndirectInputEvents = YES;
				INFOPLIST_KEY_UILaunchStoryboardName = LaunchScreen;
				INFOPLIST_KEY_UIMainStoryboardFile = Main;
				INFOPLIST_KEY_UISupportedInterfaceOrientations = UIInterfaceOrientationPortrait;
				IPHONEOS_DEPLOYMENT_TARGET = 14.0;
				LD_RUNPATH_SEARCH_PATHS = (
					"$(inherited)",
					"@executable_path/Frameworks",
				);
				MARKETING_VERSION = 1.0;
				PRODUCT_BUNDLE_IDENTIFIER = suman.GitFeed;
				PRODUCT_NAME = "$(TARGET_NAME)";
				SWIFT_EMIT_LOC_STRINGS = YES;
				SWIFT_VERSION = 5.0;
				TARGETED_DEVICE_FAMILY = "1,2";
			};
			name = Debug;
		};
		3B85F222299F6F5000408FA8 /* Release */ = {
			isa = XCBuildConfiguration;
			baseConfigurationReference = 61E47C8C861B90C41D8D765D /* Pods-GitFeed.release.xcconfig */;
			buildSettings = {
				ALWAYS_EMBED_SWIFT_STANDARD_LIBRARIES = YES;
				ASSETCATALOG_COMPILER_APPICON_NAME = AppIcon;
				ASSETCATALOG_COMPILER_GLOBAL_ACCENT_COLOR_NAME = AccentColor;
				CODE_SIGN_STYLE = Automatic;
				CURRENT_PROJECT_VERSION = 1;
				DEVELOPMENT_TEAM = UKU2UB96JP;
				GENERATE_INFOPLIST_FILE = YES;
				INFOPLIST_FILE = GitFeed/Info.plist;
				INFOPLIST_KEY_UIApplicationSupportsIndirectInputEvents = YES;
				INFOPLIST_KEY_UILaunchStoryboardName = LaunchScreen;
				INFOPLIST_KEY_UIMainStoryboardFile = Main;
				INFOPLIST_KEY_UISupportedInterfaceOrientations = UIInterfaceOrientationPortrait;
				IPHONEOS_DEPLOYMENT_TARGET = 14.0;
				LD_RUNPATH_SEARCH_PATHS = (
					"$(inherited)",
					"@executable_path/Frameworks",
				);
				MARKETING_VERSION = 1.0;
				PRODUCT_BUNDLE_IDENTIFIER = suman.GitFeed;
				PRODUCT_NAME = "$(TARGET_NAME)";
				SWIFT_EMIT_LOC_STRINGS = YES;
				SWIFT_VERSION = 5.0;
				TARGETED_DEVICE_FAMILY = "1,2";
			};
			name = Release;
		};
/* End XCBuildConfiguration section */

/* Begin XCConfigurationList section */
		3B5EDACA29A0B6BE005D3E49 /* Build configuration list for PBXNativeTarget "Domain" */ = {
			isa = XCConfigurationList;
			buildConfigurations = (
				3B5EDAC829A0B6BE005D3E49 /* Debug */,
				3B5EDAC929A0B6BE005D3E49 /* Release */,
			);
			defaultConfigurationIsVisible = 0;
			defaultConfigurationName = Release;
		};
		3B5EDAFA29A0BA49005D3E49 /* Build configuration list for PBXNativeTarget "NetworkPlatform" */ = {
			isa = XCConfigurationList;
			buildConfigurations = (
				3B5EDAF829A0BA49005D3E49 /* Debug */,
				3B5EDAF929A0BA49005D3E49 /* Release */,
			);
			defaultConfigurationIsVisible = 0;
			defaultConfigurationName = Release;
		};
		3B85F207299F6F5000408FA8 /* Build configuration list for PBXProject "GitFeed" */ = {
			isa = XCConfigurationList;
			buildConfigurations = (
				3B85F21E299F6F5000408FA8 /* Debug */,
				3B85F21F299F6F5000408FA8 /* Release */,
			);
			defaultConfigurationIsVisible = 0;
			defaultConfigurationName = Release;
		};
		3B85F220299F6F5000408FA8 /* Build configuration list for PBXNativeTarget "GitFeed" */ = {
			isa = XCConfigurationList;
			buildConfigurations = (
				3B85F221299F6F5000408FA8 /* Debug */,
				3B85F222299F6F5000408FA8 /* Release */,
			);
			defaultConfigurationIsVisible = 0;
			defaultConfigurationName = Release;
		};
/* End XCConfigurationList section */
	};
	rootObject = 3B85F204299F6F5000408FA8 /* Project object */;
}
